PODS:
  - WisetailBCryptSwift (2.0.1)

DEPENDENCIES:
  - WisetailBCryptSwift (from `../`)

EXTERNAL SOURCES:
  WisetailBCryptSwift:
    :path: "../"

SPEC CHECKSUMS:
  WisetailBCryptSwift: 8e560cd9f1d212e08c33e295be82feac7bceaf9d

PODFILE CHECKSUM: 27d9529bc8fb3f522a28824151499952918f769e

COCOAPODS: 1.15.2
